// !$*UTF8*$!
{
	archiveVersion = 1;
	classes = {
	};
	objectVersion = 56;
	objects = {

/* Begin PBXBuildFile section */
		015FE72D2DA39208004B39C2 /* LazyGrid.swift in Sources */ = {isa = PBXBuildFile; fileRef = 015FE72C2DA39208004B39C2 /* LazyGrid.swift */; };
		015FE7302DA399A6004B39C2 /* ActionSheetView.swift in Sources */ = {isa = PBXBuildFile; fileRef = 015FE72F2DA399A6004B39C2 /* ActionSheetView.swift */; };
		015FE7332DA39C46004B39C2 /* VideoPlayerView.swift in Sources */ = {isa = PBXBuildFile; fileRef = 015FE7322DA39C46004B39C2 /* VideoPlayerView.swift */; };
		015FE7362DA3B053004B39C2 /* ColourPicker.swift in Sources */ = {isa = PBXBuildFile; fileRef = 015FE7352DA3B053004B39C2 /* ColourPicker.swift */; };
		015FE7392DA3B14D004B39C2 /* MapViewScreen.swift in Sources */ = {isa = PBXBuildFile; fileRef = 015FE7382DA3B14D004B39C2 /* MapViewScreen.swift */; };
		015FE73C2DA3B3B2004B39C2 /* WebViewScreen.swift in Sources */ = {isa = PBXBuildFile; fileRef = 015FE73B2DA3B3B2004B39C2 /* WebViewScreen.swift */; };
		01A8DFD92D9BB13B00E0E5FD /* InterviewApp.swift in Sources */ = {isa = PBXBuildFile; fileRef = 01A8DFD82D9BB13B00E0E5FD /* InterviewApp.swift */; };
		01A8DFDD2D9BB13B00E0E5FD /* Item.swift in Sources */ = {isa = PBXBuildFile; fileRef = 01A8DFDC2D9BB13B00E0E5FD /* Item.swift */; };
		01A8DFDF2D9BB13E00E0E5FD /* Assets.xcassets in Resources */ = {isa = PBXBuildFile; fileRef = 01A8DFDE2D9BB13E00E0E5FD /* Assets.xcassets */; };
		01A8DFE22D9BB13E00E0E5FD /* Preview Assets.xcassets in Resources */ = {isa = PBXBuildFile; fileRef = 01A8DFE12D9BB13E00E0E5FD /* Preview Assets.xcassets */; };
		01A8DFEC2D9BB13E00E0E5FD /* InterviewTests.swift in Sources */ = {isa = PBXBuildFile; fileRef = 01A8DFEB2D9BB13E00E0E5FD /* InterviewTests.swift */; };
		01A8DFF62D9BB13E00E0E5FD /* InterviewUITests.swift in Sources */ = {isa = PBXBuildFile; fileRef = 01A8DFF52D9BB13E00E0E5FD /* InterviewUITests.swift */; };
		01A8DFF82D9BB13E00E0E5FD /* InterviewUITestsLaunchTests.swift in Sources */ = {isa = PBXBuildFile; fileRef = 01A8DFF72D9BB13E00E0E5FD /* InterviewUITestsLaunchTests.swift */; };
		01A8E0062D9BB21600E0E5FD /* TabView.swift in Sources */ = {isa = PBXBuildFile; fileRef = 01A8E0052D9BB21600E0E5FD /* TabView.swift */; };
		01A8E00B2D9BB52900E0E5FD /* SwiftUI.swift in Sources */ = {isa = PBXBuildFile; fileRef = 01A8E00A2D9BB52900E0E5FD /* SwiftUI.swift */; };
		01A8E00D2D9BB57100E0E5FD /* KitView.swift in Sources */ = {isa = PBXBuildFile; fileRef = 01A8E00C2D9BB57100E0E5FD /* KitView.swift */; };
		01A8E0112D9BB5CA00E0E5FD /* ObjectiveC.swift in Sources */ = {isa = PBXBuildFile; fileRef = 01A8E0102D9BB5CA00E0E5FD /* ObjectiveC.swift */; };
		01A8E0142D9BBE2200E0E5FD /* UIComponent.swift in Sources */ = {isa = PBXBuildFile; fileRef = 01A8E0132D9BBE2200E0E5FD /* UIComponent.swift */; };
		01A8E0162D9BBEC000E0E5FD /* ComponentView.swift in Sources */ = {isa = PBXBuildFile; fileRef = 01A8E0152D9BBEC000E0E5FD /* ComponentView.swift */; };
		01A8E01A2D9BE4F500E0E5FD /* TextView.swift in Sources */ = {isa = PBXBuildFile; fileRef = 01A8E0192D9BE4F500E0E5FD /* TextView.swift */; };
		01A8E01E2D9C011200E0E5FD /* ButtonView.swift in Sources */ = {isa = PBXBuildFile; fileRef = 01A8E01D2D9C011200E0E5FD /* ButtonView.swift */; };
		01A8E0202D9C017200E0E5FD /* ImageView.swift in Sources */ = {isa = PBXBuildFile; fileRef = 01A8E01F2D9C017200E0E5FD /* ImageView.swift */; };
		01A8E0242D9D02F800E0E5FD /* TextFiledView.swift in Sources */ = {isa = PBXBuildFile; fileRef = 01A8E0232D9D02F800E0E5FD /* TextFiledView.swift */; };
		01A8E0262D9D439500E0E5FD /* ToggleView.swift in Sources */ = {isa = PBXBuildFile; fileRef = 01A8E0252D9D439500E0E5FD /* ToggleView.swift */; };
		01A8E02A2D9D480200E0E5FD /* PickerView.swift in Sources */ = {isa = PBXBuildFile; fileRef = 01A8E0292D9D480200E0E5FD /* PickerView.swift */; };
		01A8E02D2D9D502B00E0E5FD /* SliderView.swift in Sources */ = {isa = PBXBuildFile; fileRef = 01A8E02C2D9D502B00E0E5FD /* SliderView.swift */; };
		01A8E0302D9D595F00E0E5FD /* StepperView.swift in Sources */ = {isa = PBXBuildFile; fileRef = 01A8E02F2D9D595F00E0E5FD /* StepperView.swift */; };
		01A8E0332D9E911F00E0E5FD /* DatePickerView.swift in Sources */ = {isa = PBXBuildFile; fileRef = 01A8E0322D9E911F00E0E5FD /* DatePickerView.swift */; };
		01A8E0362D9E954000E0E5FD /* ProgressViewScreen.swift in Sources */ = {isa = PBXBuildFile; fileRef = 01A8E0352D9E954000E0E5FD /* ProgressViewScreen.swift */; };
		01A8E0392D9E99A700E0E5FD /* GaugeViewScreen.swift in Sources */ = {isa = PBXBuildFile; fileRef = 01A8E0382D9E99A700E0E5FD /* GaugeViewScreen.swift */; };
		01A8E03B2D9E9D3C00E0E5FD /* ProgressRingViewScreen.swift in Sources */ = {isa = PBXBuildFile; fileRef = 01A8E03A2D9E9D3C00E0E5FD /* ProgressRingViewScreen.swift */; };
		01A8E03F2D9EA23B00E0E5FD /* NavigationTabViewScreen.swift in Sources */ = {isa = PBXBuildFile; fileRef = 01A8E03E2D9EA23B00E0E5FD /* NavigationTabViewScreen.swift */; };
		01A8E0432D9EAAA800E0E5FD /* ListScrollViewScreen.swift in Sources */ = {isa = PBXBuildFile; fileRef = 01A8E0422D9EAAA800E0E5FD /* ListScrollViewScreen.swift */; };
		01A8E0462D9EB74D00E0E5FD /* AlertsModalsViewScreen.swift in Sources */ = {isa = PBXBuildFile; fileRef = 01A8E0452D9EB74D00E0E5FD /* AlertsModalsViewScreen.swift */; };
		01A8E0492D9EBDBD00E0E5FD /* AnimationsViewScreen.swift in Sources */ = {isa = PBXBuildFile; fileRef = 01A8E0482D9EBDBD00E0E5FD /* AnimationsViewScreen.swift */; };
		01A8E04C2D9EC51100E0E5FD /* AdvancedViewsScreen.swift in Sources */ = {isa = PBXBuildFile; fileRef = 01A8E04B2D9EC51100E0E5FD /* AdvancedViewsScreen.swift */; };
		01A8E04F2D9FA26400E0E5FD /* DiscloserGroup.swift in Sources */ = {isa = PBXBuildFile; fileRef = 01A8E04E2D9FA26400E0E5FD /* DiscloserGroup.swift */; };
		01A8E0522D9FA4E400E0E5FD /* FormViewScreen.swift in Sources */ = {isa = PBXBuildFile; fileRef = 01A8E0512D9FA4E400E0E5FD /* FormViewScreen.swift */; };
		01A8E0552D9FA9B500E0E5FD /* GroupBoxScreen.swift in Sources */ = {isa = PBXBuildFile; fileRef = 01A8E0542D9FA9B500E0E5FD /* GroupBoxScreen.swift */; };
		01A8E0582D9FBD0800E0E5FD /* SplitView.swift in Sources */ = {isa = PBXBuildFile; fileRef = 01A8E0572D9FBD0800E0E5FD /* SplitView.swift */; };
		01C546BA2DCB1B8B002AD0E6 /* BlueTooth.swift in Sources */ = {isa = PBXBuildFile; fileRef = 01C546B92DCB1B8B002AD0E6 /* BlueTooth.swift */; };
		01C546BF2DCB2140002AD0E6 /* BluetoothUI.swift in Sources */ = {isa = PBXBuildFile; fileRef = 01C546BE2DCB2140002AD0E6 /* BluetoothUI.swift */; };
		01C546C12DCB2206002AD0E6 /* View.swift in Sources */ = {isa = PBXBuildFile; fileRef = 01C546C02DCB2206002AD0E6 /* View.swift */; };
		01C546C42DCB2A01002AD0E6 /* ResizeBox.swift in Sources */ = {isa = PBXBuildFile; fileRef = 01C546C32DCB2A01002AD0E6 /* ResizeBox.swift */; };
/* End PBXBuildFile section */

/* Begin PBXContainerItemProxy section */
		01A8DFE82D9BB13E00E0E5FD /* PBXContainerItemProxy */ = {
			isa = PBXContainerItemProxy;
			containerPortal = 01A8DFCD2D9BB13B00E0E5FD /* Project object */;
			proxyType = 1;
			remoteGlobalIDString = 01A8DFD42D9BB13B00E0E5FD;
			remoteInfo = Interview;
		};
		01A8DFF22D9BB13E00E0E5FD /* PBXContainerItemProxy */ = {
			isa = PBXContainerItemProxy;
			containerPortal = 01A8DFCD2D9BB13B00E0E5FD /* Project object */;
			proxyType = 1;
			remoteGlobalIDString = 01A8DFD42D9BB13B00E0E5FD;
			remoteInfo = Interview;
		};
/* End PBXContainerItemProxy section */

/* Begin PBXFileReference section */
		015FE72C2DA39208004B39C2 /* LazyGrid.swift */ = {isa = PBXFileReference; lastKnownFileType = sourcecode.swift; path = LazyGrid.swift; sourceTree = "<group>"; };
		015FE72F2DA399A6004B39C2 /* ActionSheetView.swift */ = {isa = PBXFileReference; lastKnownFileType = sourcecode.swift; path = ActionSheetView.swift; sourceTree = "<group>"; };
		015FE7322DA39C46004B39C2 /* VideoPlayerView.swift */ = {isa = PBXFileReference; lastKnownFileType = sourcecode.swift; path = VideoPlayerView.swift; sourceTree = "<group>"; };
		015FE7352DA3B053004B39C2 /* ColourPicker.swift */ = {isa = PBXFileReference; lastKnownFileType = sourcecode.swift; path = ColourPicker.swift; sourceTree = "<group>"; };
		015FE7382DA3B14D004B39C2 /* MapViewScreen.swift */ = {isa = PBXFileReference; lastKnownFileType = sourcecode.swift; path = MapViewScreen.swift; sourceTree = "<group>"; };
		015FE73B2DA3B3B2004B39C2 /* WebViewScreen.swift */ = {isa = PBXFileReference; lastKnownFileType = sourcecode.swift; path = WebViewScreen.swift; sourceTree = "<group>"; };
		01A8DFD52D9BB13B00E0E5FD /* Interview.app */ = {isa = PBXFileReference; explicitFileType = wrapper.application; includeInIndex = 0; path = Interview.app; sourceTree = BUILT_PRODUCTS_DIR; };
		01A8DFD82D9BB13B00E0E5FD /* InterviewApp.swift */ = {isa = PBXFileReference; lastKnownFileType = sourcecode.swift; path = InterviewApp.swift; sourceTree = "<group>"; };
		01A8DFDC2D9BB13B00E0E5FD /* Item.swift */ = {isa = PBXFileReference; lastKnownFileType = sourcecode.swift; path = Item.swift; sourceTree = "<group>"; };
		01A8DFDE2D9BB13E00E0E5FD /* Assets.xcassets */ = {isa = PBXFileReference; lastKnownFileType = folder.assetcatalog; path = Assets.xcassets; sourceTree = "<group>"; };
		01A8DFE12D9BB13E00E0E5FD /* Preview Assets.xcassets */ = {isa = PBXFileReference; lastKnownFileType = folder.assetcatalog; path = "Preview Assets.xcassets"; sourceTree = "<group>"; };
		01A8DFE72D9BB13E00E0E5FD /* InterviewTests.xctest */ = {isa = PBXFileReference; explicitFileType = wrapper.cfbundle; includeInIndex = 0; path = InterviewTests.xctest; sourceTree = BUILT_PRODUCTS_DIR; };
		01A8DFEB2D9BB13E00E0E5FD /* InterviewTests.swift */ = {isa = PBXFileReference; lastKnownFileType = sourcecode.swift; path = InterviewTests.swift; sourceTree = "<group>"; };
		01A8DFF12D9BB13E00E0E5FD /* InterviewUITests.xctest */ = {isa = PBXFileReference; explicitFileType = wrapper.cfbundle; includeInIndex = 0; path = InterviewUITests.xctest; sourceTree = BUILT_PRODUCTS_DIR; };
		01A8DFF52D9BB13E00E0E5FD /* InterviewUITests.swift */ = {isa = PBXFileReference; lastKnownFileType = sourcecode.swift; path = InterviewUITests.swift; sourceTree = "<group>"; };
		01A8DFF72D9BB13E00E0E5FD /* InterviewUITestsLaunchTests.swift */ = {isa = PBXFileReference; lastKnownFileType = sourcecode.swift; path = InterviewUITestsLaunchTests.swift; sourceTree = "<group>"; };
		01A8E0052D9BB21600E0E5FD /* TabView.swift */ = {isa = PBXFileReference; lastKnownFileType = sourcecode.swift; path = TabView.swift; sourceTree = "<group>"; };
		01A8E00A2D9BB52900E0E5FD /* SwiftUI.swift */ = {isa = PBXFileReference; lastKnownFileType = sourcecode.swift; path = SwiftUI.swift; sourceTree = "<group>"; };
		01A8E00C2D9BB57100E0E5FD /* KitView.swift */ = {isa = PBXFileReference; lastKnownFileType = sourcecode.swift; path = KitView.swift; sourceTree = "<group>"; };
		01A8E0102D9BB5CA00E0E5FD /* ObjectiveC.swift */ = {isa = PBXFileReference; lastKnownFileType = sourcecode.swift; path = ObjectiveC.swift; sourceTree = "<group>"; };
		01A8E0132D9BBE2200E0E5FD /* UIComponent.swift */ = {isa = PBXFileReference; lastKnownFileType = sourcecode.swift; path = UIComponent.swift; sourceTree = "<group>"; };
		01A8E0152D9BBEC000E0E5FD /* ComponentView.swift */ = {isa = PBXFileReference; lastKnownFileType = sourcecode.swift; path = ComponentView.swift; sourceTree = "<group>"; };
		01A8E0192D9BE4F500E0E5FD /* TextView.swift */ = {isa = PBXFileReference; lastKnownFileType = sourcecode.swift; path = TextView.swift; sourceTree = "<group>"; };
		01A8E01D2D9C011200E0E5FD /* ButtonView.swift */ = {isa = PBXFileReference; lastKnownFileType = sourcecode.swift; path = ButtonView.swift; sourceTree = "<group>"; };
		01A8E01F2D9C017200E0E5FD /* ImageView.swift */ = {isa = PBXFileReference; lastKnownFileType = sourcecode.swift; path = ImageView.swift; sourceTree = "<group>"; };
		01A8E0232D9D02F800E0E5FD /* TextFiledView.swift */ = {isa = PBXFileReference; lastKnownFileType = sourcecode.swift; path = TextFiledView.swift; sourceTree = "<group>"; };
		01A8E0252D9D439500E0E5FD /* ToggleView.swift */ = {isa = PBXFileReference; lastKnownFileType = sourcecode.swift; path = ToggleView.swift; sourceTree = "<group>"; };
		01A8E0292D9D480200E0E5FD /* PickerView.swift */ = {isa = PBXFileReference; lastKnownFileType = sourcecode.swift; path = PickerView.swift; sourceTree = "<group>"; };
		01A8E02C2D9D502B00E0E5FD /* SliderView.swift */ = {isa = PBXFileReference; lastKnownFileType = sourcecode.swift; path = SliderView.swift; sourceTree = "<group>"; };
		01A8E02F2D9D595F00E0E5FD /* StepperView.swift */ = {isa = PBXFileReference; lastKnownFileType = sourcecode.swift; path = StepperView.swift; sourceTree = "<group>"; };
		01A8E0322D9E911F00E0E5FD /* DatePickerView.swift */ = {isa = PBXFileReference; lastKnownFileType = sourcecode.swift; path = DatePickerView.swift; sourceTree = "<group>"; };
		01A8E0352D9E954000E0E5FD /* ProgressViewScreen.swift */ = {isa = PBXFileReference; lastKnownFileType = sourcecode.swift; path = ProgressViewScreen.swift; sourceTree = "<group>"; };
		01A8E0382D9E99A700E0E5FD /* GaugeViewScreen.swift */ = {isa = PBXFileReference; lastKnownFileType = sourcecode.swift; path = GaugeViewScreen.swift; sourceTree = "<group>"; };
		01A8E03A2D9E9D3C00E0E5FD /* ProgressRingViewScreen.swift */ = {isa = PBXFileReference; lastKnownFileType = sourcecode.swift; path = ProgressRingViewScreen.swift; sourceTree = "<group>"; };
		01A8E03E2D9EA23B00E0E5FD /* NavigationTabViewScreen.swift */ = {isa = PBXFileReference; lastKnownFileType = sourcecode.swift; path = NavigationTabViewScreen.swift; sourceTree = "<group>"; };
		01A8E0422D9EAAA800E0E5FD /* ListScrollViewScreen.swift */ = {isa = PBXFileReference; lastKnownFileType = sourcecode.swift; path = ListScrollViewScreen.swift; sourceTree = "<group>"; };
		01A8E0452D9EB74D00E0E5FD /* AlertsModalsViewScreen.swift */ = {isa = PBXFileReference; lastKnownFileType = sourcecode.swift; path = AlertsModalsViewScreen.swift; sourceTree = "<group>"; };
		01A8E0482D9EBDBD00E0E5FD /* AnimationsViewScreen.swift */ = {isa = PBXFileReference; lastKnownFileType = sourcecode.swift; path = AnimationsViewScreen.swift; sourceTree = "<group>"; };
		01A8E04B2D9EC51100E0E5FD /* AdvancedViewsScreen.swift */ = {isa = PBXFileReference; lastKnownFileType = sourcecode.swift; path = AdvancedViewsScreen.swift; sourceTree = "<group>"; };
		01A8E04E2D9FA26400E0E5FD /* DiscloserGroup.swift */ = {isa = PBXFileReference; lastKnownFileType = sourcecode.swift; path = DiscloserGroup.swift; sourceTree = "<group>"; };
		01A8E0512D9FA4E400E0E5FD /* FormViewScreen.swift */ = {isa = PBXFileReference; lastKnownFileType = sourcecode.swift; path = FormViewScreen.swift; sourceTree = "<group>"; };
		01A8E0542D9FA9B500E0E5FD /* GroupBoxScreen.swift */ = {isa = PBXFileReference; lastKnownFileType = sourcecode.swift; path = GroupBoxScreen.swift; sourceTree = "<group>"; };
		01A8E0572D9FBD0800E0E5FD /* SplitView.swift */ = {isa = PBXFileReference; lastKnownFileType = sourcecode.swift; path = SplitView.swift; sourceTree = "<group>"; };
		01C546B82DCB1AF2002AD0E6 /* Info.plist */ = {isa = PBXFileReference; lastKnownFileType = text.plist; path = Info.plist; sourceTree = "<group>"; };
		01C546B92DCB1B8B002AD0E6 /* BlueTooth.swift */ = {isa = PBXFileReference; lastKnownFileType = sourcecode.swift; path = BlueTooth.swift; sourceTree = "<group>"; };
		01C546BE2DCB2140002AD0E6 /* BluetoothUI.swift */ = {isa = PBXFileReference; lastKnownFileType = sourcecode.swift; path = BluetoothUI.swift; sourceTree = "<group>"; };
		01C546C02DCB2206002AD0E6 /* View.swift */ = {isa = PBXFileReference; lastKnownFileType = sourcecode.swift; path = View.swift; sourceTree = "<group>"; };
		01C546C32DCB2A01002AD0E6 /* ResizeBox.swift */ = {isa = PBXFileReference; lastKnownFileType = sourcecode.swift; path = ResizeBox.swift; sourceTree = "<group>"; };
/* End PBXFileReference section */

/* Begin PBXFrameworksBuildPhase section */
		01A8DFD22D9BB13B00E0E5FD /* Frameworks */ = {
			isa = PBXFrameworksBuildPhase;
			buildActionMask = 2147483647;
			files = (
			);
			runOnlyForDeploymentPostprocessing = 0;
		};
		01A8DFE42D9BB13E00E0E5FD /* Frameworks */ = {
			isa = PBXFrameworksBuildPhase;
			buildActionMask = 2147483647;
			files = (
			);
			runOnlyForDeploymentPostprocessing = 0;
		};
		01A8DFEE2D9BB13E00E0E5FD /* Frameworks */ = {
			isa = PBXFrameworksBuildPhase;
			buildActionMask = 2147483647;
			files = (
			);
			runOnlyForDeploymentPostprocessing = 0;
		};
/* End PBXFrameworksBuildPhase section */

/* Begin PBXGroup section */
		015FE72B2DA391FA004B39C2 /* LazyGrid */ = {
			isa = PBXGroup;
			children = (
				015FE72C2DA39208004B39C2 /* LazyGrid.swift */,
			);
			path = LazyGrid;
			sourceTree = "<group>";
		};
		015FE72E2DA3998F004B39C2 /* ActionSheet */ = {
			isa = PBXGroup;
			children = (
				015FE72F2DA399A6004B39C2 /* ActionSheetView.swift */,
			);
			path = ActionSheet;
			sourceTree = "<group>";
		};
		015FE7312DA39C2E004B39C2 /* VideoPlayer */ = {
			isa = PBXGroup;
			children = (
				015FE7322DA39C46004B39C2 /* VideoPlayerView.swift */,
			);
			path = VideoPlayer;
			sourceTree = "<group>";
		};
		015FE7342DA3B049004B39C2 /* ColourPicker */ = {
			isa = PBXGroup;
			children = (
				015FE7352DA3B053004B39C2 /* ColourPicker.swift */,
			);
			path = ColourPicker;
			sourceTree = "<group>";
		};
		015FE7372DA3B142004B39C2 /* MapView */ = {
			isa = PBXGroup;
			children = (
				015FE7382DA3B14D004B39C2 /* MapViewScreen.swift */,
			);
			path = MapView;
			sourceTree = "<group>";
		};
		015FE73A2DA3B39F004B39C2 /* WebView */ = {
			isa = PBXGroup;
			children = (
				015FE73B2DA3B3B2004B39C2 /* WebViewScreen.swift */,
			);
			path = WebView;
			sourceTree = "<group>";
		};
		01A8DFCC2D9BB13B00E0E5FD = {
			isa = PBXGroup;
			children = (
				01A8DFD72D9BB13B00E0E5FD /* Interview */,
				01A8DFEA2D9BB13E00E0E5FD /* InterviewTests */,
				01A8DFF42D9BB13E00E0E5FD /* InterviewUITests */,
				01A8DFD62D9BB13B00E0E5FD /* Products */,
			);
			sourceTree = "<group>";
		};
		01A8DFD62D9BB13B00E0E5FD /* Products */ = {
			isa = PBXGroup;
			children = (
				01A8DFD52D9BB13B00E0E5FD /* Interview.app */,
				01A8DFE72D9BB13E00E0E5FD /* InterviewTests.xctest */,
				01A8DFF12D9BB13E00E0E5FD /* InterviewUITests.xctest */,
			);
			name = Products;
			sourceTree = "<group>";
		};
		01A8DFD72D9BB13B00E0E5FD /* Interview */ = {
			isa = PBXGroup;
			children = (
				01C546BB2DCB20FB002AD0E6 /* Core */,
				01C546B82DCB1AF2002AD0E6 /* Info.plist */,
				01A8E0092D9BB49A00E0E5FD /* Objectiv C */,
				01A8E0082D9BB48F00E0E5FD /* SwiftUI */,
				01A8E0072D9BB48500E0E5FD /* UIKit */,
				01A8E0042D9BB1F900E0E5FD /* HomeTab */,
				01A8DFD82D9BB13B00E0E5FD /* InterviewApp.swift */,
				01A8DFDC2D9BB13B00E0E5FD /* Item.swift */,
				01A8DFDE2D9BB13E00E0E5FD /* Assets.xcassets */,
				01A8DFE02D9BB13E00E0E5FD /* Preview Content */,
			);
			path = Interview;
			sourceTree = "<group>";
		};
		01A8DFE02D9BB13E00E0E5FD /* Preview Content */ = {
			isa = PBXGroup;
			children = (
				01A8DFE12D9BB13E00E0E5FD /* Preview Assets.xcassets */,
			);
			path = "Preview Content";
			sourceTree = "<group>";
		};
		01A8DFEA2D9BB13E00E0E5FD /* InterviewTests */ = {
			isa = PBXGroup;
			children = (
				01A8DFEB2D9BB13E00E0E5FD /* InterviewTests.swift */,
			);
			path = InterviewTests;
			sourceTree = "<group>";
		};
		01A8DFF42D9BB13E00E0E5FD /* InterviewUITests */ = {
			isa = PBXGroup;
			children = (
				01A8DFF52D9BB13E00E0E5FD /* InterviewUITests.swift */,
				01A8DFF72D9BB13E00E0E5FD /* InterviewUITestsLaunchTests.swift */,
			);
			path = InterviewUITests;
			sourceTree = "<group>";
		};
		01A8E0042D9BB1F900E0E5FD /* HomeTab */ = {
			isa = PBXGroup;
			children = (
				01A8E0052D9BB21600E0E5FD /* TabView.swift */,
			);
			path = HomeTab;
			sourceTree = "<group>";
		};
		01A8E0072D9BB48500E0E5FD /* UIKit */ = {
			isa = PBXGroup;
			children = (
				01A8E00C2D9BB57100E0E5FD /* KitView.swift */,
			);
			path = UIKit;
			sourceTree = "<group>";
		};
		01A8E0082D9BB48F00E0E5FD /* SwiftUI */ = {
			isa = PBXGroup;
			children = (
				01A8E0172D9BE4A800E0E5FD /* View */,
				01A8E0122D9BBE0A00E0E5FD /* DataModel */,
			);
			path = SwiftUI;
			sourceTree = "<group>";
		};
		01A8E0092D9BB49A00E0E5FD /* Objectiv C */ = {
			isa = PBXGroup;
			children = (
				01A8E0102D9BB5CA00E0E5FD /* ObjectiveC.swift */,
			);
			path = "Objectiv C";
			sourceTree = "<group>";
		};
		01A8E0122D9BBE0A00E0E5FD /* DataModel */ = {
			isa = PBXGroup;
			children = (
				01A8E0132D9BBE2200E0E5FD /* UIComponent.swift */,
			);
			path = DataModel;
			sourceTree = "<group>";
		};
		01A8E0172D9BE4A800E0E5FD /* View */ = {
			isa = PBXGroup;
			children = (
				01A8E00A2D9BB52900E0E5FD /* SwiftUI.swift */,
				01A8E0152D9BBEC000E0E5FD /* ComponentView.swift */,
				01A8E0182D9BE4B900E0E5FD /* Component */,
			);
			path = View;
			sourceTree = "<group>";
		};
		01A8E0182D9BE4B900E0E5FD /* Component */ = {
			isa = PBXGroup;
			children = (
				01C546C22DCB29EE002AD0E6 /* ResizeBox */,
				015FE73A2DA3B39F004B39C2 /* WebView */,
				015FE7372DA3B142004B39C2 /* MapView */,
				015FE7342DA3B049004B39C2 /* ColourPicker */,
				015FE7312DA39C2E004B39C2 /* VideoPlayer */,
				015FE72E2DA3998F004B39C2 /* ActionSheet */,
				015FE72B2DA391FA004B39C2 /* LazyGrid */,
				01A8E0562D9FBCF700E0E5FD /* SplitView */,
				01A8E0532D9FA9AA00E0E5FD /* GroupBox */,
				01A8E0502D9FA4D100E0E5FD /* Form */,
				01A8E04D2D9FA24A00E0E5FD /* DiscloserGroup */,
				01A8E04A2D9EC4FD00E0E5FD /* Advanced */,
				01A8E0472D9EBDB500E0E5FD /* Animations */,
				01A8E0442D9EB70800E0E5FD /* AlertsModals */,
				01A8E0402D9EAA9800E0E5FD /* ListScroll */,
				01A8E03D2D9EA23200E0E5FD /* NavigationTab */,
				01A8E03C2D9E9D4000E0E5FD /* ProgressRing */,
				01A8E0372D9E999F00E0E5FD /* Gauge */,
				01A8E0342D9E953600E0E5FD /* Progress */,
				01A8E0312D9E907F00E0E5FD /* DatePicker */,
				01A8E02E2D9D595600E0E5FD /* Stepper */,
				01A8E02B2D9D502300E0E5FD /* SliderView */,
				01A8E0282D9D47F800E0E5FD /* Picker */,
				01A8E0272D9D439A00E0E5FD /* Toggle */,
				01A8E0222D9D02E600E0E5FD /* TextField */,
				01A8E0212D9C017800E0E5FD /* Image */,
				01A8E01C2D9C010600E0E5FD /* Button */,
				01A8E01B2D9BE9B100E0E5FD /* Text */,
			);
			path = Component;
			sourceTree = "<group>";
		};
		01A8E01B2D9BE9B100E0E5FD /* Text */ = {
			isa = PBXGroup;
			children = (
				01A8E0192D9BE4F500E0E5FD /* TextView.swift */,
			);
			path = Text;
			sourceTree = "<group>";
		};
		01A8E01C2D9C010600E0E5FD /* Button */ = {
			isa = PBXGroup;
			children = (
				01A8E01D2D9C011200E0E5FD /* ButtonView.swift */,
			);
			path = Button;
			sourceTree = "<group>";
		};
		01A8E0212D9C017800E0E5FD /* Image */ = {
			isa = PBXGroup;
			children = (
				01A8E01F2D9C017200E0E5FD /* ImageView.swift */,
			);
			path = Image;
			sourceTree = "<group>";
		};
		01A8E0222D9D02E600E0E5FD /* TextField */ = {
			isa = PBXGroup;
			children = (
				01A8E0232D9D02F800E0E5FD /* TextFiledView.swift */,
			);
			path = TextField;
			sourceTree = "<group>";
		};
		01A8E0272D9D439A00E0E5FD /* Toggle */ = {
			isa = PBXGroup;
			children = (
				01A8E0252D9D439500E0E5FD /* ToggleView.swift */,
			);
			path = Toggle;
			sourceTree = "<group>";
		};
		01A8E0282D9D47F800E0E5FD /* Picker */ = {
			isa = PBXGroup;
			children = (
				01A8E0292D9D480200E0E5FD /* PickerView.swift */,
			);
			path = Picker;
			sourceTree = "<group>";
		};
		01A8E02B2D9D502300E0E5FD /* SliderView */ = {
			isa = PBXGroup;
			children = (
				01A8E02C2D9D502B00E0E5FD /* SliderView.swift */,
			);
			path = SliderView;
			sourceTree = "<group>";
		};
		01A8E02E2D9D595600E0E5FD /* Stepper */ = {
			isa = PBXGroup;
			children = (
				01A8E02F2D9D595F00E0E5FD /* StepperView.swift */,
			);
			path = Stepper;
			sourceTree = "<group>";
		};
		01A8E0312D9E907F00E0E5FD /* DatePicker */ = {
			isa = PBXGroup;
			children = (
				01A8E0322D9E911F00E0E5FD /* DatePickerView.swift */,
			);
			path = DatePicker;
			sourceTree = "<group>";
		};
		01A8E0342D9E953600E0E5FD /* Progress */ = {
			isa = PBXGroup;
			children = (
				01A8E0352D9E954000E0E5FD /* ProgressViewScreen.swift */,
			);
			path = Progress;
			sourceTree = "<group>";
		};
		01A8E0372D9E999F00E0E5FD /* Gauge */ = {
			isa = PBXGroup;
			children = (
				01A8E0382D9E99A700E0E5FD /* GaugeViewScreen.swift */,
			);
			path = Gauge;
			sourceTree = "<group>";
		};
		01A8E03C2D9E9D4000E0E5FD /* ProgressRing */ = {
			isa = PBXGroup;
			children = (
				01A8E03A2D9E9D3C00E0E5FD /* ProgressRingViewScreen.swift */,
			);
			path = ProgressRing;
			sourceTree = "<group>";
		};
		01A8E03D2D9EA23200E0E5FD /* NavigationTab */ = {
			isa = PBXGroup;
			children = (
				01A8E03E2D9EA23B00E0E5FD /* NavigationTabViewScreen.swift */,
			);
			path = NavigationTab;
			sourceTree = "<group>";
		};
		01A8E0402D9EAA9800E0E5FD /* ListScroll */ = {
			isa = PBXGroup;
			children = (
				01A8E0422D9EAAA800E0E5FD /* ListScrollViewScreen.swift */,
			);
			path = ListScroll;
			sourceTree = "<group>";
		};
		01A8E0442D9EB70800E0E5FD /* AlertsModals */ = {
			isa = PBXGroup;
			children = (
				01A8E0452D9EB74D00E0E5FD /* AlertsModalsViewScreen.swift */,
			);
			path = AlertsModals;
			sourceTree = "<group>";
		};
		01A8E0472D9EBDB500E0E5FD /* Animations */ = {
			isa = PBXGroup;
			children = (
				01A8E0482D9EBDBD00E0E5FD /* AnimationsViewScreen.swift */,
			);
			path = Animations;
			sourceTree = "<group>";
		};
		01A8E04A2D9EC4FD00E0E5FD /* Advanced */ = {
			isa = PBXGroup;
			children = (
				01A8E04B2D9EC51100E0E5FD /* AdvancedViewsScreen.swift */,
			);
			path = Advanced;
			sourceTree = "<group>";
		};
		01A8E04D2D9FA24A00E0E5FD /* DiscloserGroup */ = {
			isa = PBXGroup;
			children = (
				01A8E04E2D9FA26400E0E5FD /* DiscloserGroup.swift */,
			);
			path = DiscloserGroup;
			sourceTree = "<group>";
		};
		01A8E0502D9FA4D100E0E5FD /* Form */ = {
			isa = PBXGroup;
			children = (
				01A8E0512D9FA4E400E0E5FD /* FormViewScreen.swift */,
			);
			path = Form;
			sourceTree = "<group>";
		};
		01A8E0532D9FA9AA00E0E5FD /* GroupBox */ = {
			isa = PBXGroup;
			children = (
				01A8E0542D9FA9B500E0E5FD /* GroupBoxScreen.swift */,
			);
			path = GroupBox;
			sourceTree = "<group>";
		};
		01A8E0562D9FBCF700E0E5FD /* SplitView */ = {
			isa = PBXGroup;
			children = (
				01A8E0572D9FBD0800E0E5FD /* SplitView.swift */,
			);
			path = SplitView;
			sourceTree = "<group>";
		};
		01C546BB2DCB20FB002AD0E6 /* Core */ = {
			isa = PBXGroup;
			children = (
				01C546BC2DCB210B002AD0E6 /* Bluetooth */,
			);
			path = Core;
			sourceTree = "<group>";
		};
		01C546BC2DCB210B002AD0E6 /* Bluetooth */ = {
			isa = PBXGroup;
			children = (
				01C546B92DCB1B8B002AD0E6 /* BlueTooth.swift */,
				01C546BD2DCB211B002AD0E6 /* SwiftUI */,
			);
			path = Bluetooth;
			sourceTree = "<group>";
		};
		01C546BD2DCB211B002AD0E6 /* SwiftUI */ = {
			isa = PBXGroup;
			children = (
				01C546BE2DCB2140002AD0E6 /* BluetoothUI.swift */,
				01C546C02DCB2206002AD0E6 /* View.swift */,
			);
			path = SwiftUI;
			sourceTree = "<group>";
		};
		01C546C22DCB29EE002AD0E6 /* ResizeBox */ = {
			isa = PBXGroup;
			children = (
				01C546C32DCB2A01002AD0E6 /* ResizeBox.swift */,
			);
			path = ResizeBox;
			sourceTree = "<group>";
		};
/* End PBXGroup section */

/* Begin PBXNativeTarget section */
		01A8DFD42D9BB13B00E0E5FD /* Interview */ = {
			isa = PBXNativeTarget;
			buildConfigurationList = 01A8DFFB2D9BB13E00E0E5FD /* Build configuration list for PBXNativeTarget "Interview" */;
			buildPhases = (
				01A8DFD12D9BB13B00E0E5FD /* Sources */,
				01A8DFD22D9BB13B00E0E5FD /* Frameworks */,
				01A8DFD32D9BB13B00E0E5FD /* Resources */,
			);
			buildRules = (
			);
			dependencies = (
			);
			name = Interview;
			productName = Interview;
			productReference = 01A8DFD52D9BB13B00E0E5FD /* Interview.app */;
			productType = "com.apple.product-type.application";
		};
		01A8DFE62D9BB13E00E0E5FD /* InterviewTests */ = {
			isa = PBXNativeTarget;
			buildConfigurationList = 01A8DFFE2D9BB13E00E0E5FD /* Build configuration list for PBXNativeTarget "InterviewTests" */;
			buildPhases = (
				01A8DFE32D9BB13E00E0E5FD /* Sources */,
				01A8DFE42D9BB13E00E0E5FD /* Frameworks */,
				01A8DFE52D9BB13E00E0E5FD /* Resources */,
			);
			buildRules = (
			);
			dependencies = (
				01A8DFE92D9BB13E00E0E5FD /* PBXTargetDependency */,
			);
			name = InterviewTests;
			productName = InterviewTests;
			productReference = 01A8DFE72D9BB13E00E0E5FD /* InterviewTests.xctest */;
			productType = "com.apple.product-type.bundle.unit-test";
		};
		01A8DFF02D9BB13E00E0E5FD /* InterviewUITests */ = {
			isa = PBXNativeTarget;
			buildConfigurationList = 01A8E0012D9BB13E00E0E5FD /* Build configuration list for PBXNativeTarget "InterviewUITests" */;
			buildPhases = (
				01A8DFED2D9BB13E00E0E5FD /* Sources */,
				01A8DFEE2D9BB13E00E0E5FD /* Frameworks */,
				01A8DFEF2D9BB13E00E0E5FD /* Resources */,
			);
			buildRules = (
			);
			dependencies = (
				01A8DFF32D9BB13E00E0E5FD /* PBXTargetDependency */,
			);
			name = InterviewUITests;
			productName = InterviewUITests;
			productReference = 01A8DFF12D9BB13E00E0E5FD /* InterviewUITests.xctest */;
			productType = "com.apple.product-type.bundle.ui-testing";
		};
/* End PBXNativeTarget section */

/* Begin PBXProject section */
		01A8DFCD2D9BB13B00E0E5FD /* Project object */ = {
			isa = PBXProject;
			attributes = {
				BuildIndependentTargetsInParallel = 1;
				LastSwiftUpdateCheck = 1540;
				LastUpgradeCheck = 1540;
				TargetAttributes = {
					01A8DFD42D9BB13B00E0E5FD = {
						CreatedOnToolsVersion = 15.4;
					};
					01A8DFE62D9BB13E00E0E5FD = {
						CreatedOnToolsVersion = 15.4;
						TestTargetID = 01A8DFD42D9BB13B00E0E5FD;
					};
					01A8DFF02D9BB13E00E0E5FD = {
						CreatedOnToolsVersion = 15.4;
						TestTargetID = 01A8DFD42D9BB13B00E0E5FD;
					};
				};
			};
			buildConfigurationList = 01A8DFD02D9BB13B00E0E5FD /* Build configuration list for PBXProject "Interview" */;
			compatibilityVersion = "Xcode 14.0";
			developmentRegion = en;
			hasScannedForEncodings = 0;
			knownRegions = (
				en,
				Base,
			);
			mainGroup = 01A8DFCC2D9BB13B00E0E5FD;
			productRefGroup = 01A8DFD62D9BB13B00E0E5FD /* Products */;
			projectDirPath = "";
			projectRoot = "";
			targets = (
				01A8DFD42D9BB13B00E0E5FD /* Interview */,
				01A8DFE62D9BB13E00E0E5FD /* InterviewTests */,
				01A8DFF02D9BB13E00E0E5FD /* InterviewUITests */,
			);
		};
/* End PBXProject section */

/* Begin PBXResourcesBuildPhase section */
		01A8DFD32D9BB13B00E0E5FD /* Resources */ = {
			isa = PBXResourcesBuildPhase;
			buildActionMask = 2147483647;
			files = (
				01A8DFE22D9BB13E00E0E5FD /* Preview Assets.xcassets in Resources */,
				01A8DFDF2D9BB13E00E0E5FD /* Assets.xcassets in Resources */,
			);
			runOnlyForDeploymentPostprocessing = 0;
		};
		01A8DFE52D9BB13E00E0E5FD /* Resources */ = {
			isa = PBXResourcesBuildPhase;
			buildActionMask = 2147483647;
			files = (
			);
			runOnlyForDeploymentPostprocessing = 0;
		};
		01A8DFEF2D9BB13E00E0E5FD /* Resources */ = {
			isa = PBXResourcesBuildPhase;
			buildActionMask = 2147483647;
			files = (
			);
			runOnlyForDeploymentPostprocessing = 0;
		};
/* End PBXResourcesBuildPhase section */

/* Begin PBXSourcesBuildPhase section */
		01A8DFD12D9BB13B00E0E5FD /* Sources */ = {
			isa = PBXSourcesBuildPhase;
			buildActionMask = 2147483647;
			files = (
				01A8DFDD2D9BB13B00E0E5FD /* Item.swift in Sources */,
				01A8E0062D9BB21600E0E5FD /* TabView.swift in Sources */,
				01A8E04F2D9FA26400E0E5FD /* DiscloserGroup.swift in Sources */,
				01A8E01E2D9C011200E0E5FD /* ButtonView.swift in Sources */,
				01A8E0362D9E954000E0E5FD /* ProgressViewScreen.swift in Sources */,
				01A8E0242D9D02F800E0E5FD /* TextFiledView.swift in Sources */,
				01C546C12DCB2206002AD0E6 /* View.swift in Sources */,
				01A8E00D2D9BB57100E0E5FD /* KitView.swift in Sources */,
				015FE7302DA399A6004B39C2 /* ActionSheetView.swift in Sources */,
				01A8E0202D9C017200E0E5FD /* ImageView.swift in Sources */,
				01A8E04C2D9EC51100E0E5FD /* AdvancedViewsScreen.swift in Sources */,
				01A8E0552D9FA9B500E0E5FD /* GroupBoxScreen.swift in Sources */,
				015FE7392DA3B14D004B39C2 /* MapViewScreen.swift in Sources */,
				01A8E0432D9EAAA800E0E5FD /* ListScrollViewScreen.swift in Sources */,
				01A8E03B2D9E9D3C00E0E5FD /* ProgressRingViewScreen.swift in Sources */,
				015FE7362DA3B053004B39C2 /* ColourPicker.swift in Sources */,
				01A8E0462D9EB74D00E0E5FD /* AlertsModalsViewScreen.swift in Sources */,
				01A8E03F2D9EA23B00E0E5FD /* NavigationTabViewScreen.swift in Sources */,
				015FE7332DA39C46004B39C2 /* VideoPlayerView.swift in Sources */,
				01C546C42DCB2A01002AD0E6 /* ResizeBox.swift in Sources */,
				01C546BF2DCB2140002AD0E6 /* BluetoothUI.swift in Sources */,
				01A8E0492D9EBDBD00E0E5FD /* AnimationsViewScreen.swift in Sources */,
				015FE73C2DA3B3B2004B39C2 /* WebViewScreen.swift in Sources */,
				01A8DFD92D9BB13B00E0E5FD /* InterviewApp.swift in Sources */,
				01A8E0582D9FBD0800E0E5FD /* SplitView.swift in Sources */,
				01A8E0162D9BBEC000E0E5FD /* ComponentView.swift in Sources */,
				01A8E00B2D9BB52900E0E5FD /* SwiftUI.swift in Sources */,
				01C546BA2DCB1B8B002AD0E6 /* BlueTooth.swift in Sources */,
				01A8E0332D9E911F00E0E5FD /* DatePickerView.swift in Sources */,
				01A8E02D2D9D502B00E0E5FD /* SliderView.swift in Sources */,
				01A8E0302D9D595F00E0E5FD /* StepperView.swift in Sources */,
				01A8E01A2D9BE4F500E0E5FD /* TextView.swift in Sources */,
				01A8E0142D9BBE2200E0E5FD /* UIComponent.swift in Sources */,
				01A8E0522D9FA4E400E0E5FD /* FormViewScreen.swift in Sources */,
				015FE72D2DA39208004B39C2 /* LazyGrid.swift in Sources */,
				01A8E0112D9BB5CA00E0E5FD /* ObjectiveC.swift in Sources */,
				01A8E02A2D9D480200E0E5FD /* PickerView.swift in Sources */,
				01A8E0392D9E99A700E0E5FD /* GaugeViewScreen.swift in Sources */,
				01A8E0262D9D439500E0E5FD /* ToggleView.swift in Sources */,
			);
			runOnlyForDeploymentPostprocessing = 0;
		};
		01A8DFE32D9BB13E00E0E5FD /* Sources */ = {
			isa = PBXSourcesBuildPhase;
			buildActionMask = 2147483647;
			files = (
				01A8DFEC2D9BB13E00E0E5FD /* InterviewTests.swift in Sources */,
			);
			runOnlyForDeploymentPostprocessing = 0;
		};
		01A8DFED2D9BB13E00E0E5FD /* Sources */ = {
			isa = PBXSourcesBuildPhase;
			buildActionMask = 2147483647;
			files = (
				01A8DFF82D9BB13E00E0E5FD /* InterviewUITestsLaunchTests.swift in Sources */,
				01A8DFF62D9BB13E00E0E5FD /* InterviewUITests.swift in Sources */,
			);
			runOnlyForDeploymentPostprocessing = 0;
		};
/* End PBXSourcesBuildPhase section */

/* Begin PBXTargetDependency section */
		01A8DFE92D9BB13E00E0E5FD /* PBXTargetDependency */ = {
			isa = PBXTargetDependency;
			target = 01A8DFD42D9BB13B00E0E5FD /* Interview */;
			targetProxy = 01A8DFE82D9BB13E00E0E5FD /* PBXContainerItemProxy */;
		};
		01A8DFF32D9BB13E00E0E5FD /* PBXTargetDependency */ = {
			isa = PBXTargetDependency;
			target = 01A8DFD42D9BB13B00E0E5FD /* Interview */;
			targetProxy = 01A8DFF22D9BB13E00E0E5FD /* PBXContainerItemProxy */;
		};
/* End PBXTargetDependency section */

/* Begin XCBuildConfiguration section */
		01A8DFF92D9BB13E00E0E5FD /* Debug */ = {
			isa = XCBuildConfiguration;
			buildSettings = {
				ALWAYS_SEARCH_USER_PATHS = NO;
				ASSETCATALOG_COMPILER_GENERATE_SWIFT_ASSET_SYMBOL_EXTENSIONS = YES;
				CLANG_ANALYZER_NONNULL = YES;
				CLANG_ANALYZER_NUMBER_OBJECT_CONVERSION = YES_AGGRESSIVE;
				CLANG_CXX_LANGUAGE_STANDARD = "gnu++20";
				CLANG_ENABLE_MODULES = YES;
				CLANG_ENABLE_OBJC_ARC = YES;
				CLANG_ENABLE_OBJC_WEAK = YES;
				CLANG_WARN_BLOCK_CAPTURE_AUTORELEASING = YES;
				CLANG_WARN_BOOL_CONVERSION = YES;
				CLANG_WARN_COMMA = YES;
				CLANG_WARN_CONSTANT_CONVERSION = YES;
				CLANG_WARN_DEPRECATED_OBJC_IMPLEMENTATIONS = YES;
				CLANG_WARN_DIRECT_OBJC_ISA_USAGE = YES_ERROR;
				CLANG_WARN_DOCUMENTATION_COMMENTS = YES;
				CLANG_WARN_EMPTY_BODY = YES;
				CLANG_WARN_ENUM_CONVERSION = YES;
				CLANG_WARN_INFINITE_RECURSION = YES;
				CLANG_WARN_INT_CONVERSION = YES;
				CLANG_WARN_NON_LITERAL_NULL_CONVERSION = YES;
				CLANG_WARN_OBJC_IMPLICIT_RETAIN_SELF = YES;
				CLANG_WARN_OBJC_LITERAL_CONVERSION = YES;
				CLANG_WARN_OBJC_ROOT_CLASS = YES_ERROR;
				CLANG_WARN_QUOTED_INCLUDE_IN_FRAMEWORK_HEADER = YES;
				CLANG_WARN_RANGE_LOOP_ANALYSIS = YES;
				CLANG_WARN_STRICT_PROTOTYPES = YES;
				CLANG_WARN_SUSPICIOUS_MOVE = YES;
				CLANG_WARN_UNGUARDED_AVAILABILITY = YES_AGGRESSIVE;
				CLANG_WARN_UNREACHABLE_CODE = YES;
				CLANG_WARN__DUPLICATE_METHOD_MATCH = YES;
				COPY_PHASE_STRIP = NO;
				DEBUG_INFORMATION_FORMAT = dwarf;
				ENABLE_STRICT_OBJC_MSGSEND = YES;
				ENABLE_TESTABILITY = YES;
				ENABLE_USER_SCRIPT_SANDBOXING = YES;
				GCC_C_LANGUAGE_STANDARD = gnu17;
				GCC_DYNAMIC_NO_PIC = NO;
				GCC_NO_COMMON_BLOCKS = YES;
				GCC_OPTIMIZATION_LEVEL = 0;
				GCC_PREPROCESSOR_DEFINITIONS = (
					"DEBUG=1",
					"$(inherited)",
				);
				GCC_WARN_64_TO_32_BIT_CONVERSION = YES;
				GCC_WARN_ABOUT_RETURN_TYPE = YES_ERROR;
				GCC_WARN_UNDECLARED_SELECTOR = YES;
				GCC_WARN_UNINITIALIZED_AUTOS = YES_AGGRESSIVE;
				GCC_WARN_UNUSED_FUNCTION = YES;
				GCC_WARN_UNUSED_VARIABLE = YES;
				IPHONEOS_DEPLOYMENT_TARGET = 17.5;
				LOCALIZATION_PREFERS_STRING_CATALOGS = YES;
				MTL_ENABLE_DEBUG_INFO = INCLUDE_SOURCE;
				MTL_FAST_MATH = YES;
				ONLY_ACTIVE_ARCH = YES;
				SDKROOT = iphoneos;
				SWIFT_ACTIVE_COMPILATION_CONDITIONS = "DEBUG $(inherited)";
				SWIFT_OPTIMIZATION_LEVEL = "-Onone";
			};
			name = Debug;
		};
		01A8DFFA2D9BB13E00E0E5FD /* Release */ = {
			isa = XCBuildConfiguration;
			buildSettings = {
				ALWAYS_SEARCH_USER_PATHS = NO;
				ASSETCATALOG_COMPILER_GENERATE_SWIFT_ASSET_SYMBOL_EXTENSIONS = YES;
				CLANG_ANALYZER_NONNULL = YES;
				CLANG_ANALYZER_NUMBER_OBJECT_CONVERSION = YES_AGGRESSIVE;
				CLANG_CXX_LANGUAGE_STANDARD = "gnu++20";
				CLANG_ENABLE_MODULES = YES;
				CLANG_ENABLE_OBJC_ARC = YES;
				CLANG_ENABLE_OBJC_WEAK = YES;
				CLANG_WARN_BLOCK_CAPTURE_AUTORELEASING = YES;
				CLANG_WARN_BOOL_CONVERSION = YES;
				CLANG_WARN_COMMA = YES;
				CLANG_WARN_CONSTANT_CONVERSION = YES;
				CLANG_WARN_DEPRECATED_OBJC_IMPLEMENTATIONS = YES;
				CLANG_WARN_DIRECT_OBJC_ISA_USAGE = YES_ERROR;
				CLANG_WARN_DOCUMENTATION_COMMENTS = YES;
				CLANG_WARN_EMPTY_BODY = YES;
				CLANG_WARN_ENUM_CONVERSION = YES;
				CLANG_WARN_INFINITE_RECURSION = YES;
				CLANG_WARN_INT_CONVERSION = YES;
				CLANG_WARN_NON_LITERAL_NULL_CONVERSION = YES;
				CLANG_WARN_OBJC_IMPLICIT_RETAIN_SELF = YES;
				CLANG_WARN_OBJC_LITERAL_CONVERSION = YES;
				CLANG_WARN_OBJC_ROOT_CLASS = YES_ERROR;
				CLANG_WARN_QUOTED_INCLUDE_IN_FRAMEWORK_HEADER = YES;
				CLANG_WARN_RANGE_LOOP_ANALYSIS = YES;
				CLANG_WARN_STRICT_PROTOTYPES = YES;
				CLANG_WARN_SUSPICIOUS_MOVE = YES;
				CLANG_WARN_UNGUARDED_AVAILABILITY = YES_AGGRESSIVE;
				CLANG_WARN_UNREACHABLE_CODE = YES;
				CLANG_WARN__DUPLICATE_METHOD_MATCH = YES;
				COPY_PHASE_STRIP = NO;
				DEBUG_INFORMATION_FORMAT = "dwarf-with-dsym";
				ENABLE_NS_ASSERTIONS = NO;
				ENABLE_STRICT_OBJC_MSGSEND = YES;
				ENABLE_USER_SCRIPT_SANDBOXING = YES;
				GCC_C_LANGUAGE_STANDARD = gnu17;
				GCC_NO_COMMON_BLOCKS = YES;
				GCC_WARN_64_TO_32_BIT_CONVERSION = YES;
				GCC_WARN_ABOUT_RETURN_TYPE = YES_ERROR;
				GCC_WARN_UNDECLARED_SELECTOR = YES;
				GCC_WARN_UNINITIALIZED_AUTOS = YES_AGGRESSIVE;
				GCC_WARN_UNUSED_FUNCTION = YES;
				GCC_WARN_UNUSED_VARIABLE = YES;
				IPHONEOS_DEPLOYMENT_TARGET = 17.5;
				LOCALIZATION_PREFERS_STRING_CATALOGS = YES;
				MTL_ENABLE_DEBUG_INFO = NO;
				MTL_FAST_MATH = YES;
				SDKROOT = iphoneos;
				SWIFT_COMPILATION_MODE = wholemodule;
				VALIDATE_PRODUCT = YES;
			};
			name = Release;
		};
		01A8DFFC2D9BB13E00E0E5FD /* Debug */ = {
			isa = XCBuildConfiguration;
			buildSettings = {
				ASSETCATALOG_COMPILER_APPICON_NAME = AppIcon;
				ASSETCATALOG_COMPILER_GLOBAL_ACCENT_COLOR_NAME = AccentColor;
				CODE_SIGN_STYLE = Automatic;
				CURRENT_PROJECT_VERSION = 1;
				DEVELOPMENT_ASSET_PATHS = "\"Interview/Preview Content\"";
				DEVELOPMENT_TEAM = "";
				ENABLE_PREVIEWS = YES;
				GENERATE_INFOPLIST_FILE = YES;
				INFOPLIST_FILE = Interview/Info.plist;
				INFOPLIST_KEY_NSBluetoothAlwaysUsageDescription = "App uses Bluetooth to communicate with other devices";
				INFOPLIST_KEY_NSBluetoothPeripheralUsageDescription = "App uses Bluetooth to act as a peripheral device";
				INFOPLIST_KEY_UIApplicationSceneManifest_Generation = YES;
				INFOPLIST_KEY_UIApplicationSupportsIndirectInputEvents = YES;
				INFOPLIST_KEY_UILaunchScreen_Generation = YES;
				INFOPLIST_KEY_UISupportedInterfaceOrientations_iPad = "UIInterfaceOrientationPortrait UIInterfaceOrientationPortraitUpsideDown UIInterfaceOrientationLandscapeLeft UIInterfaceOrientationLandscapeRight";
				INFOPLIST_KEY_UISupportedInterfaceOrientations_iPhone = "UIInterfaceOrientationPortrait UIInterfaceOrientationLandscapeLeft UIInterfaceOrientationLandscapeRight";
				IPHONEOS_DEPLOYMENT_TARGET = 17.0;
				LD_RUNPATH_SEARCH_PATHS = (
					"$(inherited)",
					"@executable_path/Frameworks",
				);
				MACOSX_DEPLOYMENT_TARGET = 14.0;
				MARKETING_VERSION = 1.0;
				PRODUCT_BUNDLE_IDENTIFIER = com.sivakumar.Interview;
				PRODUCT_NAME = "$(TARGET_NAME)";
				SUPPORTED_PLATFORMS = "iphoneos iphonesimulator macosx";
				SUPPORTS_MACCATALYST = NO;
				SUPPORTS_MAC_DESIGNED_FOR_IPHONE_IPAD = NO;
				SWIFT_EMIT_LOC_STRINGS = YES;
				SWIFT_VERSION = 5.0;
				TARGETED_DEVICE_FAMILY = "1,2";
			};
			name = Debug;
		};
		01A8DFFD2D9BB13E00E0E5FD /* Release */ = {
			isa = XCBuildConfiguration;
			buildSettings = {
				ASSETCATALOG_COMPILER_APPICON_NAME = AppIcon;
				ASSETCATALOG_COMPILER_GLOBAL_ACCENT_COLOR_NAME = AccentColor;
				CODE_SIGN_STYLE = Automatic;
				CURRENT_PROJECT_VERSION = 1;
				DEVELOPMENT_ASSET_PATHS = "\"Interview/Preview Content\"";
				DEVELOPMENT_TEAM = "";
				ENABLE_PREVIEWS = YES;
				GENERATE_INFOPLIST_FILE = YES;
				INFOPLIST_FILE = Interview/Info.plist;
				INFOPLIST_KEY_NSBluetoothAlwaysUsageDescription = "App uses Bluetooth to communicate with other devices";
				INFOPLIST_KEY_NSBluetoothPeripheralUsageDescription = "App uses Bluetooth to act as a peripheral device";
				INFOPLIST_KEY_UIApplicationSceneManifest_Generation = YES;
				INFOPLIST_KEY_UIApplicationSupportsIndirectInputEvents = YES;
				INFOPLIST_KEY_UILaunchScreen_Generation = YES;
				INFOPLIST_KEY_UISupportedInterfaceOrientations_iPad = "UIInterfaceOrientationPortrait UIInterfaceOrientationPortraitUpsideDown UIInterfaceOrientationLandscapeLeft UIInterfaceOrientationLandscapeRight";
				INFOPLIST_KEY_UISupportedInterfaceOrientations_iPhone = "UIInterfaceOrientationPortrait UIInterfaceOrientationLandscapeLeft UIInterfaceOrientationLandscapeRight";
				IPHONEOS_DEPLOYMENT_TARGET = 17.0;
				LD_RUNPATH_SEARCH_PATHS = (
					"$(inherited)",
					"@executable_path/Frameworks",
				);
				MACOSX_DEPLOYMENT_TARGET = 14.0;
				MARKETING_VERSION = 1.0;
				PRODUCT_BUNDLE_IDENTIFIER = com.sivakumar.Interview;
				PRODUCT_NAME = "$(TARGET_NAME)";
				SUPPORTED_PLATFORMS = "iphoneos iphonesimulator macosx";
				SUPPORTS_MACCATALYST = NO;
				SUPPORTS_MAC_DESIGNED_FOR_IPHONE_IPAD = NO;
				SWIFT_EMIT_LOC_STRINGS = YES;
				SWIFT_VERSION = 5.0;
				TARGETED_DEVICE_FAMILY = "1,2";
			};
			name = Release;
		};
		01A8DFFF2D9BB13E00E0E5FD /* Debug */ = {
			isa = XCBuildConfiguration;
			buildSettings = {
				ALWAYS_EMBED_SWIFT_STANDARD_LIBRARIES = YES;
				BUNDLE_LOADER = "$(TEST_HOST)";
				CODE_SIGN_STYLE = Automatic;
				CURRENT_PROJECT_VERSION = 1;
				GENERATE_INFOPLIST_FILE = YES;
				IPHONEOS_DEPLOYMENT_TARGET = 17.5;
				MARKETING_VERSION = 1.0;
				PRODUCT_BUNDLE_IDENTIFIER = com.sivakumar.InterviewTests;
				PRODUCT_NAME = "$(TARGET_NAME)";
				SWIFT_EMIT_LOC_STRINGS = NO;
				SWIFT_VERSION = 5.0;
				TARGETED_DEVICE_FAMILY = "1,2";
				TEST_HOST = "$(BUILT_PRODUCTS_DIR)/Interview.app/$(BUNDLE_EXECUTABLE_FOLDER_PATH)/Interview";
			};
			name = Debug;
		};
		01A8E0002D9BB13E00E0E5FD /* Release */ = {
			isa = XCBuildConfiguration;
			buildSettings = {
				ALWAYS_EMBED_SWIFT_STANDARD_LIBRARIES = YES;
				BUNDLE_LOADER = "$(TEST_HOST)";
				CODE_SIGN_STYLE = Automatic;
				CURRENT_PROJECT_VERSION = 1;
				GENERATE_INFOPLIST_FILE = YES;
				IPHONEOS_DEPLOYMENT_TARGET = 17.5;
				MARKETING_VERSION = 1.0;
				PRODUCT_BUNDLE_IDENTIFIER = com.sivakumar.InterviewTests;
				PRODUCT_NAME = "$(TARGET_NAME)";
				SWIFT_EMIT_LOC_STRINGS = NO;
				SWIFT_VERSION = 5.0;
				TARGETED_DEVICE_FAMILY = "1,2";
				TEST_HOST = "$(BUILT_PRODUCTS_DIR)/Interview.app/$(BUNDLE_EXECUTABLE_FOLDER_PATH)/Interview";
			};
			name = Release;
		};
		01A8E0022D9BB13E00E0E5FD /* Debug */ = {
			isa = XCBuildConfiguration;
			buildSettings = {
				ALWAYS_EMBED_SWIFT_STANDARD_LIBRARIES = YES;
				CODE_SIGN_STYLE = Automatic;
				CURRENT_PROJECT_VERSION = 1;
				GENERATE_INFOPLIST_FILE = YES;
				MARKETING_VERSION = 1.0;
				PRODUCT_BUNDLE_IDENTIFIER = com.sivakumar.InterviewUITests;
				PRODUCT_NAME = "$(TARGET_NAME)";
				SWIFT_EMIT_LOC_STRINGS = NO;
				SWIFT_VERSION = 5.0;
				TARGETED_DEVICE_FAMILY = "1,2";
				TEST_TARGET_NAME = Interview;
			};
			name = Debug;
		};
		01A8E0032D9BB13E00E0E5FD /* Release */ = {
			isa = XCBuildConfiguration;
			buildSettings = {
				ALWAYS_EMBED_SWIFT_STANDARD_LIBRARIES = YES;
				CODE_SIGN_STYLE = Automatic;
				CURRENT_PROJECT_VERSION = 1;
				GENERATE_INFOPLIST_FILE = YES;
				MARKETING_VERSION = 1.0;
				PRODUCT_BUNDLE_IDENTIFIER = com.sivakumar.InterviewUITests;
				PRODUCT_NAME = "$(TARGET_NAME)";
				SWIFT_EMIT_LOC_STRINGS = NO;
				SWIFT_VERSION = 5.0;
				TARGETED_DEVICE_FAMILY = "1,2";
				TEST_TARGET_NAME = Interview;
			};
			name = Release;
		};
/* End XCBuildConfiguration section */

/* Begin XCConfigurationList section */
		01A8DFD02D9BB13B00E0E5FD /* Build configuration list for PBXProject "Interview" */ = {
			isa = XCConfigurationList;
			buildConfigurations = (
				01A8DFF92D9BB13E00E0E5FD /* Debug */,
				01A8DFFA2D9BB13E00E0E5FD /* Release */,
			);
			defaultConfigurationIsVisible = 0;
			defaultConfigurationName = Release;
		};
		01A8DFFB2D9BB13E00E0E5FD /* Build configuration list for PBXNativeTarget "Interview" */ = {
			isa = XCConfigurationList;
			buildConfigurations = (
				01A8DFFC2D9BB13E00E0E5FD /* Debug */,
				01A8DFFD2D9BB13E00E0E5FD /* Release */,
			);
			defaultConfigurationIsVisible = 0;
			defaultConfigurationName = Release;
		};
		01A8DFFE2D9BB13E00E0E5FD /* Build configuration list for PBXNativeTarget "InterviewTests" */ = {
			isa = XCConfigurationList;
			buildConfigurations = (
				01A8DFFF2D9BB13E00E0E5FD /* Debug */,
				01A8E0002D9BB13E00E0E5FD /* Release */,
			);
			defaultConfigurationIsVisible = 0;
			defaultConfigurationName = Release;
		};
		01A8E0012D9BB13E00E0E5FD /* Build configuration list for PBXNativeTarget "InterviewUITests" */ = {
			isa = XCConfigurationList;
			buildConfigurations = (
				01A8E0022D9BB13E00E0E5FD /* Debug */,
				01A8E0032D9BB13E00E0E5FD /* Release */,
			);
			defaultConfigurationIsVisible = 0;
			defaultConfigurationName = Release;
		};
/* End XCConfigurationList section */
	};
	rootObject = 01A8DFCD2D9BB13B00E0E5FD /* Project object */;
}
